{
  "R": {
    "Version": "4.0.0",
    "Repositories": [
      {
        "Name": "CRAN",
        "URL": "http://cran.rstudio.com"
      }
    ]
  },
  "Packages": {
    "renv": {
      "Package": "renv",
      "Version": "0.10.0-14",
      "Source": "Repository",
      "Repository": null,
      "Hash": "a19b9f201f08f0432abafad96f21aecf"
    }
  }
}
